// !$*UTF8*$!
{
	archiveVersion = 1;
	classes = {
	};
	objectVersion = 56;
	objects = {

/* Begin PBXBuildFile section */
		30A074AD2EE4E91400A7A8C6 /* BookCabin_CheckInApp.swift in Sources */ = {isa = PBXBuildFile; fileRef = 30A074AC2EE4E91400A7A8C6 /* BookCabin_CheckInApp.swift */; };
		30A074B12EE4E91600A7A8C6 /* Assets.xcassets in Resources */ = {isa = PBXBuildFile; fileRef = 30A074B02EE4E91600A7A8C6 /* Assets.xcassets */; };
		30A074B42EE4E91600A7A8C6 /* Preview Assets.xcassets in Resources */ = {isa = PBXBuildFile; fileRef = 30A074B32EE4E91600A7A8C6 /* Preview Assets.xcassets */; };
		30A074BE2EE4EB9200A7A8C6 /* GlobalExtensions.swift in Sources */ = {isa = PBXBuildFile; fileRef = 30A074BD2EE4EB9200A7A8C6 /* GlobalExtensions.swift */; };
		30A074CC2EE4FBA600A7A8C6 /* OnlineCheckInView.swift in Sources */ = {isa = PBXBuildFile; fileRef = 30A074CB2EE4FBA600A7A8C6 /* OnlineCheckInView.swift */; };
		30A074D02EE4FF5600A7A8C6 /* PassengerDetailsView.swift in Sources */ = {isa = PBXBuildFile; fileRef = 30A074CF2EE4FF5600A7A8C6 /* PassengerDetailsView.swift */; };
		30A074D22EE56AD700A7A8C6 /* CheckInView.swift in Sources */ = {isa = PBXBuildFile; fileRef = 30A074D12EE56AD700A7A8C6 /* CheckInView.swift */; };
		30A074D42EE57FB000A7A8C6 /* BoardingPassView.swift in Sources */ = {isa = PBXBuildFile; fileRef = 30A074D32EE57FB000A7A8C6 /* BoardingPassView.swift */; };
		30A074DA2EE586DA00A7A8C6 /* BarcodeView.swift in Sources */ = {isa = PBXBuildFile; fileRef = 30A074D92EE586DA00A7A8C6 /* BarcodeView.swift */; };
		30A074DC2EE59BAF00A7A8C6 /* BookCabinViewModel.swift in Sources */ = {isa = PBXBuildFile; fileRef = 30A074DB2EE59BAF00A7A8C6 /* BookCabinViewModel.swift */; };
		30A074DF2EE5A17E00A7A8C6 /* CheckInService.swift in Sources */ = {isa = PBXBuildFile; fileRef = 30A074DE2EE5A17E00A7A8C6 /* CheckInService.swift */; };
		30A074E22EE5A21A00A7A8C6 /* TokenResponse.swift in Sources */ = {isa = PBXBuildFile; fileRef = 30A074E12EE5A21A00A7A8C6 /* TokenResponse.swift */; };
		30A074E42EE5A4CA00A7A8C6 /* PassportDocument.swift in Sources */ = {isa = PBXBuildFile; fileRef = 30A074E32EE5A4CA00A7A8C6 /* PassportDocument.swift */; };
		30FEF5DB2EE5BA4300D8557D /* ReservationResponse.swift in Sources */ = {isa = PBXBuildFile; fileRef = 30FEF5DA2EE5BA4300D8557D /* ReservationResponse.swift */; };
		30FEF5DD2EE5D99400D8557D /* RootView.swift in Sources */ = {isa = PBXBuildFile; fileRef = 30FEF5DC2EE5D99400D8557D /* RootView.swift */; };
		30FEF5DF2EE5DBA900D8557D /* NotFoundView.swift in Sources */ = {isa = PBXBuildFile; fileRef = 30FEF5DE2EE5DBA900D8557D /* NotFoundView.swift */; };
		9804D4EC3EAD346A93D224DA /* Pods_BookCabin_CheckIn.framework in Frameworks */ = {isa = PBXBuildFile; fileRef = CAD468CC791145AD66FAC7F9 /* Pods_BookCabin_CheckIn.framework */; };
/* End PBXBuildFile section */

/* Begin PBXFileReference section */
		30A074A92EE4E91400A7A8C6 /* BookCabin_CheckIn.app */ = {isa = PBXFileReference; explicitFileType = wrapper.application; includeInIndex = 0; path = BookCabin_CheckIn.app; sourceTree = BUILT_PRODUCTS_DIR; };
		30A074AC2EE4E91400A7A8C6 /* BookCabin_CheckInApp.swift */ = {isa = PBXFileReference; lastKnownFileType = sourcecode.swift; path = BookCabin_CheckInApp.swift; sourceTree = "<group>"; };
		30A074B02EE4E91600A7A8C6 /* Assets.xcassets */ = {isa = PBXFileReference; lastKnownFileType = folder.assetcatalog; path = Assets.xcassets; sourceTree = "<group>"; };
		30A074B32EE4E91600A7A8C6 /* Preview Assets.xcassets */ = {isa = PBXFileReference; lastKnownFileType = folder.assetcatalog; path = "Preview Assets.xcassets"; sourceTree = "<group>"; };
		30A074BD2EE4EB9200A7A8C6 /* GlobalExtensions.swift */ = {isa = PBXFileReference; lastKnownFileType = sourcecode.swift; path = GlobalExtensions.swift; sourceTree = "<group>"; };
		30A074CB2EE4FBA600A7A8C6 /* OnlineCheckInView.swift */ = {isa = PBXFileReference; fileEncoding = 4; lastKnownFileType = sourcecode.swift; path = OnlineCheckInView.swift; sourceTree = "<group>"; };
		30A074CF2EE4FF5600A7A8C6 /* PassengerDetailsView.swift */ = {isa = PBXFileReference; lastKnownFileType = sourcecode.swift; path = PassengerDetailsView.swift; sourceTree = "<group>"; };
		30A074D12EE56AD700A7A8C6 /* CheckInView.swift */ = {isa = PBXFileReference; lastKnownFileType = sourcecode.swift; path = CheckInView.swift; sourceTree = "<group>"; };
		30A074D32EE57FB000A7A8C6 /* BoardingPassView.swift */ = {isa = PBXFileReference; lastKnownFileType = sourcecode.swift; path = BoardingPassView.swift; sourceTree = "<group>"; };
		30A074D92EE586DA00A7A8C6 /* BarcodeView.swift */ = {isa = PBXFileReference; lastKnownFileType = sourcecode.swift; path = BarcodeView.swift; sourceTree = "<group>"; };
		30A074DB2EE59BAF00A7A8C6 /* BookCabinViewModel.swift */ = {isa = PBXFileReference; lastKnownFileType = sourcecode.swift; path = BookCabinViewModel.swift; sourceTree = "<group>"; };
		30A074DE2EE5A17E00A7A8C6 /* CheckInService.swift */ = {isa = PBXFileReference; lastKnownFileType = sourcecode.swift; path = CheckInService.swift; sourceTree = "<group>"; };
		30A074E12EE5A21A00A7A8C6 /* TokenResponse.swift */ = {isa = PBXFileReference; lastKnownFileType = sourcecode.swift; path = TokenResponse.swift; sourceTree = "<group>"; };
		30A074E32EE5A4CA00A7A8C6 /* PassportDocument.swift */ = {isa = PBXFileReference; lastKnownFileType = sourcecode.swift; path = PassportDocument.swift; sourceTree = "<group>"; };
		30FEF5DA2EE5BA4300D8557D /* ReservationResponse.swift */ = {isa = PBXFileReference; lastKnownFileType = sourcecode.swift; path = ReservationResponse.swift; sourceTree = "<group>"; };
		30FEF5DC2EE5D99400D8557D /* RootView.swift */ = {isa = PBXFileReference; lastKnownFileType = sourcecode.swift; path = RootView.swift; sourceTree = "<group>"; };
		30FEF5DE2EE5DBA900D8557D /* NotFoundView.swift */ = {isa = PBXFileReference; lastKnownFileType = sourcecode.swift; path = NotFoundView.swift; sourceTree = "<group>"; };
		927952EA9866825D0663E639 /* Pods-BookCabin_CheckIn.release.xcconfig */ = {isa = PBXFileReference; includeInIndex = 1; lastKnownFileType = text.xcconfig; name = "Pods-BookCabin_CheckIn.release.xcconfig"; path = "Target Support Files/Pods-BookCabin_CheckIn/Pods-BookCabin_CheckIn.release.xcconfig"; sourceTree = "<group>"; };
		CAD468CC791145AD66FAC7F9 /* Pods_BookCabin_CheckIn.framework */ = {isa = PBXFileReference; explicitFileType = wrapper.framework; includeInIndex = 0; path = Pods_BookCabin_CheckIn.framework; sourceTree = BUILT_PRODUCTS_DIR; };
		EAD6AED149084BBA232292AB /* Pods-BookCabin_CheckIn.debug.xcconfig */ = {isa = PBXFileReference; includeInIndex = 1; lastKnownFileType = text.xcconfig; name = "Pods-BookCabin_CheckIn.debug.xcconfig"; path = "Target Support Files/Pods-BookCabin_CheckIn/Pods-BookCabin_CheckIn.debug.xcconfig"; sourceTree = "<group>"; };
/* End PBXFileReference section */

/* Begin PBXFrameworksBuildPhase section */
		30A074A62EE4E91400A7A8C6 /* Frameworks */ = {
			isa = PBXFrameworksBuildPhase;
			buildActionMask = 2147483647;
			files = (
				9804D4EC3EAD346A93D224DA /* Pods_BookCabin_CheckIn.framework in Frameworks */,
			);
			runOnlyForDeploymentPostprocessing = 0;
		};
/* End PBXFrameworksBuildPhase section */

/* Begin PBXGroup section */
		30A074A02EE4E91400A7A8C6 = {
			isa = PBXGroup;
			children = (
				30A074AB2EE4E91400A7A8C6 /* BookCabin_CheckIn */,
				30A074AA2EE4E91400A7A8C6 /* Products */,
				43BDC99D6EE17F8113FD10E8 /* Pods */,
				ACAC7B953AFC7E11A0118E31 /* Frameworks */,
			);
			sourceTree = "<group>";
		};
		30A074AA2EE4E91400A7A8C6 /* Products */ = {
			isa = PBXGroup;
			children = (
				30A074A92EE4E91400A7A8C6 /* BookCabin_CheckIn.app */,
			);
			name = Products;
			sourceTree = "<group>";
		};
		30A074AB2EE4E91400A7A8C6 /* BookCabin_CheckIn */ = {
			isa = PBXGroup;
			children = (
				30A074E02EE5A20700A7A8C6 /* Models */,
				30A074DD2EE5A14400A7A8C6 /* NetworkManager */,
				30A074AC2EE4E91400A7A8C6 /* BookCabin_CheckInApp.swift */,
				30A074BC2EE4EB6E00A7A8C6 /* Extensions */,
				30A074BB2EE4E9AB00A7A8C6 /* ContentViews */,
				30A074BA2EE4E96900A7A8C6 /* ViewModel */,
				30A074B02EE4E91600A7A8C6 /* Assets.xcassets */,
				30A074B22EE4E91600A7A8C6 /* Preview Content */,
			);
			path = BookCabin_CheckIn;
			sourceTree = "<group>";
		};
		30A074B22EE4E91600A7A8C6 /* Preview Content */ = {
			isa = PBXGroup;
			children = (
				30A074B32EE4E91600A7A8C6 /* Preview Assets.xcassets */,
			);
			path = "Preview Content";
			sourceTree = "<group>";
		};
		30A074BA2EE4E96900A7A8C6 /* ViewModel */ = {
			isa = PBXGroup;
			children = (
				30A074DB2EE59BAF00A7A8C6 /* BookCabinViewModel.swift */,
			);
			path = ViewModel;
			sourceTree = "<group>";
		};
		30A074BB2EE4E9AB00A7A8C6 /* ContentViews */ = {
			isa = PBXGroup;
			children = (
				30A074D52EE5866B00A7A8C6 /* BoardingPassView */,
				30A074CB2EE4FBA600A7A8C6 /* OnlineCheckInView.swift */,
				30A074CF2EE4FF5600A7A8C6 /* PassengerDetailsView.swift */,
				30A074D12EE56AD700A7A8C6 /* CheckInView.swift */,
				30FEF5DC2EE5D99400D8557D /* RootView.swift */,
				30FEF5DE2EE5DBA900D8557D /* NotFoundView.swift */,
			);
			path = ContentViews;
			sourceTree = "<group>";
		};
		30A074BC2EE4EB6E00A7A8C6 /* Extensions */ = {
			isa = PBXGroup;
			children = (
				30A074BD2EE4EB9200A7A8C6 /* GlobalExtensions.swift */,
			);
			path = Extensions;
			sourceTree = "<group>";
		};
		30A074D52EE5866B00A7A8C6 /* BoardingPassView */ = {
			isa = PBXGroup;
			children = (
				30A074D32EE57FB000A7A8C6 /* BoardingPassView.swift */,
				30A074D92EE586DA00A7A8C6 /* BarcodeView.swift */,
			);
			path = BoardingPassView;
			sourceTree = "<group>";
		};
		30A074DD2EE5A14400A7A8C6 /* NetworkManager */ = {
			isa = PBXGroup;
			children = (
				30A074DE2EE5A17E00A7A8C6 /* CheckInService.swift */,
			);
			path = NetworkManager;
			sourceTree = "<group>";
		};
		30A074E02EE5A20700A7A8C6 /* Models */ = {
			isa = PBXGroup;
			children = (
				30A074E12EE5A21A00A7A8C6 /* TokenResponse.swift */,
				30A074E32EE5A4CA00A7A8C6 /* PassportDocument.swift */,
				30FEF5DA2EE5BA4300D8557D /* ReservationResponse.swift */,
			);
			path = Models;
			sourceTree = "<group>";
		};
		43BDC99D6EE17F8113FD10E8 /* Pods */ = {
			isa = PBXGroup;
			children = (
				EAD6AED149084BBA232292AB /* Pods-BookCabin_CheckIn.debug.xcconfig */,
				927952EA9866825D0663E639 /* Pods-BookCabin_CheckIn.release.xcconfig */,
			);
			path = Pods;
			sourceTree = "<group>";
		};
		ACAC7B953AFC7E11A0118E31 /* Frameworks */ = {
			isa = PBXGroup;
			children = (
				CAD468CC791145AD66FAC7F9 /* Pods_BookCabin_CheckIn.framework */,
			);
			name = Frameworks;
			sourceTree = "<group>";
		};
/* End PBXGroup section */

/* Begin PBXNativeTarget section */
		30A074A82EE4E91400A7A8C6 /* BookCabin_CheckIn */ = {
			isa = PBXNativeTarget;
			buildConfigurationList = 30A074B72EE4E91600A7A8C6 /* Build configuration list for PBXNativeTarget "BookCabin_CheckIn" */;
			buildPhases = (
				344ABFDE38A2A7247CAA85ED /* [CP] Check Pods Manifest.lock */,
				30A074A52EE4E91400A7A8C6 /* Sources */,
				30A074A62EE4E91400A7A8C6 /* Frameworks */,
				30A074A72EE4E91400A7A8C6 /* Resources */,
				1F3054275DC3157849E00E84 /* [CP] Embed Pods Frameworks */,
			);
			buildRules = (
			);
			dependencies = (
			);
			name = BookCabin_CheckIn;
			productName = BookCabin_CheckIn;
			productReference = 30A074A92EE4E91400A7A8C6 /* BookCabin_CheckIn.app */;
			productType = "com.apple.product-type.application";
		};
/* End PBXNativeTarget section */

/* Begin PBXProject section */
		30A074A12EE4E91400A7A8C6 /* Project object */ = {
			isa = PBXProject;
			attributes = {
				BuildIndependentTargetsInParallel = 1;
				LastSwiftUpdateCheck = 1540;
				LastUpgradeCheck = 1540;
				TargetAttributes = {
					30A074A82EE4E91400A7A8C6 = {
						CreatedOnToolsVersion = 15.4;
					};
				};
			};
			buildConfigurationList = 30A074A42EE4E91400A7A8C6 /* Build configuration list for PBXProject "BookCabin_CheckIn" */;
			compatibilityVersion = "Xcode 14.0";
			developmentRegion = en;
			hasScannedForEncodings = 0;
			knownRegions = (
				en,
				Base,
			);
			mainGroup = 30A074A02EE4E91400A7A8C6;
			productRefGroup = 30A074AA2EE4E91400A7A8C6 /* Products */;
			projectDirPath = "";
			projectRoot = "";
			targets = (
				30A074A82EE4E91400A7A8C6 /* BookCabin_CheckIn */,
			);
		};
/* End PBXProject section */

/* Begin PBXResourcesBuildPhase section */
		30A074A72EE4E91400A7A8C6 /* Resources */ = {
			isa = PBXResourcesBuildPhase;
			buildActionMask = 2147483647;
			files = (
				30A074B42EE4E91600A7A8C6 /* Preview Assets.xcassets in Resources */,
				30A074B12EE4E91600A7A8C6 /* Assets.xcassets in Resources */,
			);
			runOnlyForDeploymentPostprocessing = 0;
		};
/* End PBXResourcesBuildPhase section */

/* Begin PBXShellScriptBuildPhase section */
		1F3054275DC3157849E00E84 /* [CP] Embed Pods Frameworks */ = {
			isa = PBXShellScriptBuildPhase;
			buildActionMask = 2147483647;
			files = (
			);
			inputFileListPaths = (
				"${PODS_ROOT}/Target Support Files/Pods-BookCabin_CheckIn/Pods-BookCabin_CheckIn-frameworks-${CONFIGURATION}-input-files.xcfilelist",
			);
			name = "[CP] Embed Pods Frameworks";
			outputFileListPaths = (
				"${PODS_ROOT}/Target Support Files/Pods-BookCabin_CheckIn/Pods-BookCabin_CheckIn-frameworks-${CONFIGURATION}-output-files.xcfilelist",
			);
			runOnlyForDeploymentPostprocessing = 0;
			shellPath = /bin/sh;
			shellScript = "\"${PODS_ROOT}/Target Support Files/Pods-BookCabin_CheckIn/Pods-BookCabin_CheckIn-frameworks.sh\"\n";
			showEnvVarsInLog = 0;
		};
		344ABFDE38A2A7247CAA85ED /* [CP] Check Pods Manifest.lock */ = {
			isa = PBXShellScriptBuildPhase;
			buildActionMask = 2147483647;
			files = (
			);
			inputFileListPaths = (
			);
			inputPaths = (
				"${PODS_PODFILE_DIR_PATH}/Podfile.lock",
				"${PODS_ROOT}/Manifest.lock",
			);
			name = "[CP] Check Pods Manifest.lock";
			outputFileListPaths = (
			);
			outputPaths = (
				"$(DERIVED_FILE_DIR)/Pods-BookCabin_CheckIn-checkManifestLockResult.txt",
			);
			runOnlyForDeploymentPostprocessing = 0;
			shellPath = /bin/sh;
			shellScript = "diff \"${PODS_PODFILE_DIR_PATH}/Podfile.lock\" \"${PODS_ROOT}/Manifest.lock\" > /dev/null\nif [ $? != 0 ] ; then\n    # print error to STDERR\n    echo \"error: The sandbox is not in sync with the Podfile.lock. Run 'pod install' or update your CocoaPods installation.\" >&2\n    exit 1\nfi\n# This output is used by Xcode 'outputs' to avoid re-running this script phase.\necho \"SUCCESS\" > \"${SCRIPT_OUTPUT_FILE_0}\"\n";
			showEnvVarsInLog = 0;
		};
/* End PBXShellScriptBuildPhase section */

/* Begin PBXSourcesBuildPhase section */
		30A074A52EE4E91400A7A8C6 /* Sources */ = {
			isa = PBXSourcesBuildPhase;
			buildActionMask = 2147483647;
			files = (
				30A074DF2EE5A17E00A7A8C6 /* CheckInService.swift in Sources */,
				30A074CC2EE4FBA600A7A8C6 /* OnlineCheckInView.swift in Sources */,
				30A074DA2EE586DA00A7A8C6 /* BarcodeView.swift in Sources */,
				30A074BE2EE4EB9200A7A8C6 /* GlobalExtensions.swift in Sources */,
				30A074E22EE5A21A00A7A8C6 /* TokenResponse.swift in Sources */,
				30FEF5DF2EE5DBA900D8557D /* NotFoundView.swift in Sources */,
				30A074D22EE56AD700A7A8C6 /* CheckInView.swift in Sources */,
				30A074D42EE57FB000A7A8C6 /* BoardingPassView.swift in Sources */,
				30A074D02EE4FF5600A7A8C6 /* PassengerDetailsView.swift in Sources */,
				30A074AD2EE4E91400A7A8C6 /* BookCabin_CheckInApp.swift in Sources */,
				30FEF5DD2EE5D99400D8557D /* RootView.swift in Sources */,
				30A074DC2EE59BAF00A7A8C6 /* BookCabinViewModel.swift in Sources */,
				30A074E42EE5A4CA00A7A8C6 /* PassportDocument.swift in Sources */,
				30FEF5DB2EE5BA4300D8557D /* ReservationResponse.swift in Sources */,
			);
			runOnlyForDeploymentPostprocessing = 0;
		};
/* End PBXSourcesBuildPhase section */

/* Begin XCBuildConfiguration section */
		30A074B52EE4E91600A7A8C6 /* Debug */ = {
			isa = XCBuildConfiguration;
			buildSettings = {
				ALWAYS_SEARCH_USER_PATHS = NO;
				ASSETCATALOG_COMPILER_GENERATE_SWIFT_ASSET_SYMBOL_EXTENSIONS = YES;
				CLANG_ANALYZER_NONNULL = YES;
				CLANG_ANALYZER_NUMBER_OBJECT_CONVERSION = YES_AGGRESSIVE;
				CLANG_CXX_LANGUAGE_STANDARD = "gnu++20";
				CLANG_ENABLE_MODULES = YES;
				CLANG_ENABLE_OBJC_ARC = YES;
				CLANG_ENABLE_OBJC_WEAK = YES;
				CLANG_WARN_BLOCK_CAPTURE_AUTORELEASING = YES;
				CLANG_WARN_BOOL_CONVERSION = YES;
				CLANG_WARN_COMMA = YES;
				CLANG_WARN_CONSTANT_CONVERSION = YES;
				CLANG_WARN_DEPRECATED_OBJC_IMPLEMENTATIONS = YES;
				CLANG_WARN_DIRECT_OBJC_ISA_USAGE = YES_ERROR;
				CLANG_WARN_DOCUMENTATION_COMMENTS = YES;
				CLANG_WARN_EMPTY_BODY = YES;
				CLANG_WARN_ENUM_CONVERSION = YES;
				CLANG_WARN_INFINITE_RECURSION = YES;
				CLANG_WARN_INT_CONVERSION = YES;
				CLANG_WARN_NON_LITERAL_NULL_CONVERSION = YES;
				CLANG_WARN_OBJC_IMPLICIT_RETAIN_SELF = YES;
				CLANG_WARN_OBJC_LITERAL_CONVERSION = YES;
				CLANG_WARN_OBJC_ROOT_CLASS = YES_ERROR;
				CLANG_WARN_QUOTED_INCLUDE_IN_FRAMEWORK_HEADER = YES;
				CLANG_WARN_RANGE_LOOP_ANALYSIS = YES;
				CLANG_WARN_STRICT_PROTOTYPES = YES;
				CLANG_WARN_SUSPICIOUS_MOVE = YES;
				CLANG_WARN_UNGUARDED_AVAILABILITY = YES_AGGRESSIVE;
				CLANG_WARN_UNREACHABLE_CODE = YES;
				CLANG_WARN__DUPLICATE_METHOD_MATCH = YES;
				COPY_PHASE_STRIP = NO;
				DEBUG_INFORMATION_FORMAT = dwarf;
				ENABLE_STRICT_OBJC_MSGSEND = YES;
				ENABLE_TESTABILITY = YES;
				ENABLE_USER_SCRIPT_SANDBOXING = NO;
				GCC_C_LANGUAGE_STANDARD = gnu17;
				GCC_DYNAMIC_NO_PIC = NO;
				GCC_NO_COMMON_BLOCKS = YES;
				GCC_OPTIMIZATION_LEVEL = 0;
				GCC_PREPROCESSOR_DEFINITIONS = (
					"DEBUG=1",
					"$(inherited)",
				);
				GCC_WARN_64_TO_32_BIT_CONVERSION = YES;
				GCC_WARN_ABOUT_RETURN_TYPE = YES_ERROR;
				GCC_WARN_UNDECLARED_SELECTOR = YES;
				GCC_WARN_UNINITIALIZED_AUTOS = YES_AGGRESSIVE;
				GCC_WARN_UNUSED_FUNCTION = YES;
				GCC_WARN_UNUSED_VARIABLE = YES;
				IPHONEOS_DEPLOYMENT_TARGET = 17.5;
				LOCALIZATION_PREFERS_STRING_CATALOGS = YES;
				MTL_ENABLE_DEBUG_INFO = INCLUDE_SOURCE;
				MTL_FAST_MATH = YES;
				ONLY_ACTIVE_ARCH = YES;
				SDKROOT = iphoneos;
				SWIFT_ACTIVE_COMPILATION_CONDITIONS = "DEBUG $(inherited)";
				SWIFT_OPTIMIZATION_LEVEL = "-Onone";
			};
			name = Debug;
		};
		30A074B62EE4E91600A7A8C6 /* Release */ = {
			isa = XCBuildConfiguration;
			buildSettings = {
				ALWAYS_SEARCH_USER_PATHS = NO;
				ASSETCATALOG_COMPILER_GENERATE_SWIFT_ASSET_SYMBOL_EXTENSIONS = YES;
				CLANG_ANALYZER_NONNULL = YES;
				CLANG_ANALYZER_NUMBER_OBJECT_CONVERSION = YES_AGGRESSIVE;
				CLANG_CXX_LANGUAGE_STANDARD = "gnu++20";
				CLANG_ENABLE_MODULES = YES;
				CLANG_ENABLE_OBJC_ARC = YES;
				CLANG_ENABLE_OBJC_WEAK = YES;
				CLANG_WARN_BLOCK_CAPTURE_AUTORELEASING = YES;
				CLANG_WARN_BOOL_CONVERSION = YES;
				CLANG_WARN_COMMA = YES;
				CLANG_WARN_CONSTANT_CONVERSION = YES;
				CLANG_WARN_DEPRECATED_OBJC_IMPLEMENTATIONS = YES;
				CLANG_WARN_DIRECT_OBJC_ISA_USAGE = YES_ERROR;
				CLANG_WARN_DOCUMENTATION_COMMENTS = YES;
				CLANG_WARN_EMPTY_BODY = YES;
				CLANG_WARN_ENUM_CONVERSION = YES;
				CLANG_WARN_INFINITE_RECURSION = YES;
				CLANG_WARN_INT_CONVERSION = YES;
				CLANG_WARN_NON_LITERAL_NULL_CONVERSION = YES;
				CLANG_WARN_OBJC_IMPLICIT_RETAIN_SELF = YES;
				CLANG_WARN_OBJC_LITERAL_CONVERSION = YES;
				CLANG_WARN_OBJC_ROOT_CLASS = YES_ERROR;
				CLANG_WARN_QUOTED_INCLUDE_IN_FRAMEWORK_HEADER = YES;
				CLANG_WARN_RANGE_LOOP_ANALYSIS = YES;
				CLANG_WARN_STRICT_PROTOTYPES = YES;
				CLANG_WARN_SUSPICIOUS_MOVE = YES;
				CLANG_WARN_UNGUARDED_AVAILABILITY = YES_AGGRESSIVE;
				CLANG_WARN_UNREACHABLE_CODE = YES;
				CLANG_WARN__DUPLICATE_METHOD_MATCH = YES;
				COPY_PHASE_STRIP = NO;
				DEBUG_INFORMATION_FORMAT = "dwarf-with-dsym";
				ENABLE_NS_ASSERTIONS = NO;
				ENABLE_STRICT_OBJC_MSGSEND = YES;
				ENABLE_USER_SCRIPT_SANDBOXING = NO;
				GCC_C_LANGUAGE_STANDARD = gnu17;
				GCC_NO_COMMON_BLOCKS = YES;
				GCC_WARN_64_TO_32_BIT_CONVERSION = YES;
				GCC_WARN_ABOUT_RETURN_TYPE = YES_ERROR;
				GCC_WARN_UNDECLARED_SELECTOR = YES;
				GCC_WARN_UNINITIALIZED_AUTOS = YES_AGGRESSIVE;
				GCC_WARN_UNUSED_FUNCTION = YES;
				GCC_WARN_UNUSED_VARIABLE = YES;
				IPHONEOS_DEPLOYMENT_TARGET = 17.5;
				LOCALIZATION_PREFERS_STRING_CATALOGS = YES;
				MTL_ENABLE_DEBUG_INFO = NO;
				MTL_FAST_MATH = YES;
				SDKROOT = iphoneos;
				SWIFT_COMPILATION_MODE = wholemodule;
				VALIDATE_PRODUCT = YES;
			};
			name = Release;
		};
		30A074B82EE4E91600A7A8C6 /* Debug */ = {
			isa = XCBuildConfiguration;
			baseConfigurationReference = EAD6AED149084BBA232292AB /* Pods-BookCabin_CheckIn.debug.xcconfig */;
			buildSettings = {
				ASSETCATALOG_COMPILER_APPICON_NAME = AppIcon;
				ASSETCATALOG_COMPILER_GLOBAL_ACCENT_COLOR_NAME = AccentColor;
				CODE_SIGN_STYLE = Automatic;
				CURRENT_PROJECT_VERSION = 1;
				DEVELOPMENT_ASSET_PATHS = "\"BookCabin_CheckIn/Preview Content\"";
				DEVELOPMENT_TEAM = G34J8SADKW;
				ENABLE_PREVIEWS = YES;
				GENERATE_INFOPLIST_FILE = YES;
				INFOPLIST_KEY_UIApplicationSceneManifest_Generation = YES;
				INFOPLIST_KEY_UIApplicationSupportsIndirectInputEvents = YES;
				INFOPLIST_KEY_UILaunchScreen_Generation = YES;
				INFOPLIST_KEY_UISupportedInterfaceOrientations_iPad = "UIInterfaceOrientationPortrait UIInterfaceOrientationPortraitUpsideDown UIInterfaceOrientationLandscapeLeft UIInterfaceOrientationLandscapeRight";
				INFOPLIST_KEY_UISupportedInterfaceOrientations_iPhone = "UIInterfaceOrientationPortrait UIInterfaceOrientationLandscapeLeft UIInterfaceOrientationLandscapeRight";
				LD_RUNPATH_SEARCH_PATHS = (
					"$(inherited)",
					"@executable_path/Frameworks",
				);
				MARKETING_VERSION = 1.0;
				PRODUCT_BUNDLE_IDENTIFIER = "com.ubaidillah.BookCabin-CheckIn";
				PRODUCT_NAME = "$(TARGET_NAME)";
				SWIFT_EMIT_LOC_STRINGS = YES;
				SWIFT_VERSION = 5.0;
				TARGETED_DEVICE_FAMILY = "1,2";
			};
			name = Debug;
		};
		30A074B92EE4E91600A7A8C6 /* Release */ = {
			isa = XCBuildConfiguration;
			baseConfigurationReference = 927952EA9866825D0663E639 /* Pods-BookCabin_CheckIn.release.xcconfig */;
			buildSettings = {
				ASSETCATALOG_COMPILER_APPICON_NAME = AppIcon;
				ASSETCATALOG_COMPILER_GLOBAL_ACCENT_COLOR_NAME = AccentColor;
				CODE_SIGN_STYLE = Automatic;
				CURRENT_PROJECT_VERSION = 1;
				DEVELOPMENT_ASSET_PATHS = "\"BookCabin_CheckIn/Preview Content\"";
				DEVELOPMENT_TEAM = G34J8SADKW;
				ENABLE_PREVIEWS = YES;
				GENERATE_INFOPLIST_FILE = YES;
				INFOPLIST_KEY_UIApplicationSceneManifest_Generation = YES;
				INFOPLIST_KEY_UIApplicationSupportsIndirectInputEvents = YES;
				INFOPLIST_KEY_UILaunchScreen_Generation = YES;
				INFOPLIST_KEY_UISupportedInterfaceOrientations_iPad = "UIInterfaceOrientationPortrait UIInterfaceOrientationPortraitUpsideDown UIInterfaceOrientationLandscapeLeft UIInterfaceOrientationLandscapeRight";
				INFOPLIST_KEY_UISupportedInterfaceOrientations_iPhone = "UIInterfaceOrientationPortrait UIInterfaceOrientationLandscapeLeft UIInterfaceOrientationLandscapeRight";
				LD_RUNPATH_SEARCH_PATHS = (
					"$(inherited)",
					"@executable_path/Frameworks",
				);
				MARKETING_VERSION = 1.0;
				PRODUCT_BUNDLE_IDENTIFIER = "com.ubaidillah.BookCabin-CheckIn";
				PRODUCT_NAME = "$(TARGET_NAME)";
				SWIFT_EMIT_LOC_STRINGS = YES;
				SWIFT_VERSION = 5.0;
				TARGETED_DEVICE_FAMILY = "1,2";
			};
			name = Release;
		};
/* End XCBuildConfiguration section */

/* Begin XCConfigurationList section */
		30A074A42EE4E91400A7A8C6 /* Build configuration list for PBXProject "BookCabin_CheckIn" */ = {
			isa = XCConfigurationList;
			buildConfigurations = (
				30A074B52EE4E91600A7A8C6 /* Debug */,
				30A074B62EE4E91600A7A8C6 /* Release */,
			);
			defaultConfigurationIsVisible = 0;
			defaultConfigurationName = Release;
		};
		30A074B72EE4E91600A7A8C6 /* Build configuration list for PBXNativeTarget "BookCabin_CheckIn" */ = {
			isa = XCConfigurationList;
			buildConfigurations = (
				30A074B82EE4E91600A7A8C6 /* Debug */,
				30A074B92EE4E91600A7A8C6 /* Release */,
			);
			defaultConfigurationIsVisible = 0;
			defaultConfigurationName = Release;
		};
/* End XCConfigurationList section */
	};
	rootObject = 30A074A12EE4E91400A7A8C6 /* Project object */;
}
